
Microsoft Visual Studio Solution File, Format Version 12.00
# Visual Studio Version 16
VisualStudioVersion = 16.0.29709.97
MinimumVisualStudioVersion = 10.0.40219.1
Project("{9A19103F-16F7-4668-BE54-9A1E7A4F7556}") = "SquadDev", "SquadDev\SquadDev.csproj", "{21712FC5-2403-4328-9C66-E25680F5FA93}"
EndProject
Project("{9A19103F-16F7-4668-BE54-9A1E7A4F7556}") = "SquadDev.Test", "SquadDev.Test\SquadDev.Test.csproj", "{74C73239-45DC-4453-95B6-2A4BDA6D0E33}"
EndProject
Global
	GlobalSection(SolutionConfigurationPlatforms) = preSolution
		Debug|Any CPU = Debug|Any CPU
		Release|Any CPU = Release|Any CPU
	EndGlobalSection
	GlobalSection(ProjectConfigurationPlatforms) = postSolution
		{21712FC5-2403-4328-9C66-E25680F5FA93}.Debug|Any CPU.ActiveCfg = Debug|Any CPU
		{21712FC5-2403-4328-9C66-E25680F5FA93}.Debug|Any CPU.Build.0 = Debug|Any CPU
		{21712FC5-2403-4328-9C66-E25680F5FA93}.Release|Any CPU.ActiveCfg = Release|Any CPU
		{21712FC5-2403-4328-9C66-E25680F5FA93}.Release|Any CPU.Build.0 = Release|Any CPU
		{74C73239-45DC-4453-95B6-2A4BDA6D0E33}.Debug|Any CPU.ActiveCfg = Debug|Any CPU
		{74C73239-45DC-4453-95B6-2A4BDA6D0E33}.Debug|Any CPU.Build.0 = Debug|Any CPU
		{74C73239-45DC-4453-95B6-2A4BDA6D0E33}.Release|Any CPU.ActiveCfg = Release|Any CPU
		{74C73239-45DC-4453-95B6-2A4BDA6D0E33}.Release|Any CPU.Build.0 = Release|Any CPU
	EndGlobalSection
	GlobalSection(SolutionProperties) = preSolution
		HideSolutionNode = FALSE
	EndGlobalSection
	GlobalSection(ExtensibilityGlobals) = postSolution
		SolutionGuid = {0317C742-4859-4FA3-B399-EAF4DC5468A4}
	EndGlobalSection
EndGlobal
